Microsoft Visual Studio Solution File, Format Version 12.00
# Visual Studio Version 17
VisualStudioVersion = 17.5.2.0
MinimumVisualStudioVersion = 10.0.40219.1
Project("{FAE04EC0-301F-11D3-BF4B-00C04F79EFBC}") = "StoreProject", "StoreProject.csproj", "{0EFB86C5-922D-DC0B-617B-C3CA157D409A}"
EndProject
Global
	GlobalSection(SolutionConfigurationPlatforms) = preSolution
		Debug|Any CPU = Debug|Any CPU
		Release|Any CPU = Release|Any CPU
	EndGlobalSection
	GlobalSection(ProjectConfigurationPlatforms) = postSolution
		{0EFB86C5-922D-DC0B-617B-C3CA157D409A}.Debug|Any CPU.ActiveCfg = Debug|Any CPU
		{0EFB86C5-922D-DC0B-617B-C3CA157D409A}.Debug|Any CPU.Build.0 = Debug|Any CPU
		{0EFB86C5-922D-DC0B-617B-C3CA157D409A}.Release|Any CPU.ActiveCfg = Release|Any CPU
		{0EFB86C5-922D-DC0B-617B-C3CA157D409A}.Release|Any CPU.Build.0 = Release|Any CPU
	EndGlobalSection
	GlobalSection(SolutionProperties) = preSolution
		HideSolutionNode = FALSE
	EndGlobalSection
	GlobalSection(ExtensibilityGlobals) = postSolution
		SolutionGuid = {3CB25441-9E91-4125-85D9-810FD27A5D25}
	EndGlobalSection
EndGlobal
